{
  "originHash" : "9201e0f9731d92147e602130f68b7602d6b4301781d7ef48d154b485d6f5b59f",
  "pins" : [
    {
      "identity" : "adjust_signature_sdk",
      "kind" : "remoteSourceControl",
      "location" : "https://github.com/adjust/adjust_signature_sdk",
      "state" : {
        "revision" : "93c40d7fa27b709a81adc50e41b400ce4411c7ff",
        "version" : "3.35.2"
      }
    },
    {
      "identity" : "alamofire",
      "kind" : "remoteSourceControl",
      "location" : "https://github.com/Alamofire/Alamofire",
      "state" : {
        "revision" : "513364f870f6bfc468f9d2ff0a95caccc10044c5",
        "version" : "5.10.2"
      }
    },
    {
      "identity" : "ios_sdk",
      "kind" : "remoteSourceControl",
      "location" : "https://github.com/adjust/ios_sdk",
      "state" : {
        "revision" : "96e1b62c6220355ae1e579432ef83dbc4d25a87c",
        "version" : "5.0.2"
      }
    }
  ],
  "version" : 3
}
