{
  "originHash" : "216e468628f759d208ac97683120db25306e658e0d10dac13616bc6786b15f43",
  "pins" : [
    {
      "identity" : "adjust.adjust_signature_sdk",
      "kind" : "registry",
      "location" : "",
      "state" : {
        "version" : "3.35.2"
      }
    },
    {
      "identity" : "adjust.ios_sdk",
      "kind" : "registry",
      "location" : "",
      "state" : {
        "version" : "5.0.1"
      }
    },
    {
      "identity" : "Alamofire.Alamofire",
      "kind" : "registry",
      "location" : "",
      "state" : {
        "version" : "5.10.2"
      }
    }
  ],
  "version" : 3
}
